
Microsoft Visual Studio Solution File, Format Version 12.00
# Visual Studio Version 16
VisualStudioVersion = 16.0.31911.196
MinimumVisualStudioVersion = 10.0.40219.1
Project("{888888A0-9F3D-457C-B088-3A5042F75D52}") = "Filters", "Filters\Filters.pyproj", "{FFEF0A7B-B1A2-4AC1-97E7-BF823556FA0E}"
EndProject
Global
	GlobalSection(SolutionConfigurationPlatforms) = preSolution
		Debug|Any CPU = Debug|Any CPU
		Release|Any CPU = Release|Any CPU
	EndGlobalSection
	GlobalSection(ProjectConfigurationPlatforms) = postSolution
		{FFEF0A7B-B1A2-4AC1-97E7-BF823556FA0E}.Debug|Any CPU.ActiveCfg = Debug|Any CPU
		{FFEF0A7B-B1A2-4AC1-97E7-BF823556FA0E}.Release|Any CPU.ActiveCfg = Release|Any CPU
	EndGlobalSection
	GlobalSection(SolutionProperties) = preSolution
		HideSolutionNode = FALSE
	EndGlobalSection
	GlobalSection(ExtensibilityGlobals) = postSolution
		SolutionGuid = {6F06F5EA-26F6-49D1-B760-C1ED241CF655}
	EndGlobalSection
EndGlobal
